// !$*UTF8*$!
{
	archiveVersion = 1;
	classes = {
	};
	objectVersion = 50;
	objects = {

/* Begin PBXBuildFile section */
		C1173E4D2576358400D9DE15 /* main.swift in Sources */ = {isa = PBXBuildFile; fileRef = C1173E4C2576358400D9DE15 /* main.swift */; };
		C1173E552576359500D9DE15 /* Day_1.swift in Sources */ = {isa = PBXBuildFile; fileRef = C1173E542576359500D9DE15 /* Day_1.swift */; };
		C18E7A2325777D0300EAE557 /* Day_2.swift in Sources */ = {isa = PBXBuildFile; fileRef = C18E7A2225777D0300EAE557 /* Day_2.swift */; };
		C1C9E2432577DE6A000F4471 /* Day_3.swift in Sources */ = {isa = PBXBuildFile; fileRef = C1C9E2422577DE6A000F4471 /* Day_3.swift */; };
		C1D83D1F2577C545005B8662 /* Day.swift in Sources */ = {isa = PBXBuildFile; fileRef = C1D83D1E2577C545005B8662 /* Day.swift */; };
		C1D83D222577C7AA005B8662 /* Input.swift in Sources */ = {isa = PBXBuildFile; fileRef = C1D83D212577C7AA005B8662 /* Input.swift */; };
		C1D83D292577CF06005B8662 /* String+Ext.swift in Sources */ = {isa = PBXBuildFile; fileRef = C1D83D282577CF06005B8662 /* String+Ext.swift */; };
/* End PBXBuildFile section */

/* Begin PBXCopyFilesBuildPhase section */
		C1173E472576358400D9DE15 /* CopyFiles */ = {
			isa = PBXCopyFilesBuildPhase;
			buildActionMask = 2147483647;
			dstPath = /usr/share/man/man1/;
			dstSubfolderSpec = 0;
			files = (
			);
			runOnlyForDeploymentPostprocessing = 1;
		};
/* End PBXCopyFilesBuildPhase section */

/* Begin PBXFileReference section */
		C1173E492576358400D9DE15 /* AdventOfCode2020 */ = {isa = PBXFileReference; explicitFileType = "compiled.mach-o.executable"; includeInIndex = 0; path = AdventOfCode2020; sourceTree = BUILT_PRODUCTS_DIR; };
		C1173E4C2576358400D9DE15 /* main.swift */ = {isa = PBXFileReference; lastKnownFileType = sourcecode.swift; path = main.swift; sourceTree = "<group>"; };
		C1173E542576359500D9DE15 /* Day_1.swift */ = {isa = PBXFileReference; lastKnownFileType = sourcecode.swift; path = Day_1.swift; sourceTree = "<group>"; };
		C1288D8F2577D1710066ECBD /* Day_2_Input */ = {isa = PBXFileReference; lastKnownFileType = text; path = Day_2_Input; sourceTree = "<group>"; };
		C18E7A2225777D0300EAE557 /* Day_2.swift */ = {isa = PBXFileReference; lastKnownFileType = sourcecode.swift; path = Day_2.swift; sourceTree = "<group>"; };
		C1C9E2422577DE6A000F4471 /* Day_3.swift */ = {isa = PBXFileReference; lastKnownFileType = sourcecode.swift; path = Day_3.swift; sourceTree = "<group>"; };
		C1C9E2462577DF95000F4471 /* Day_3_Input */ = {isa = PBXFileReference; lastKnownFileType = text; path = Day_3_Input; sourceTree = "<group>"; };
		C1D83D1D2577C383005B8662 /* Day_1_Input */ = {isa = PBXFileReference; lastKnownFileType = text; path = Day_1_Input; sourceTree = "<group>"; };
		C1D83D1E2577C545005B8662 /* Day.swift */ = {isa = PBXFileReference; lastKnownFileType = sourcecode.swift; path = Day.swift; sourceTree = "<group>"; };
		C1D83D212577C7AA005B8662 /* Input.swift */ = {isa = PBXFileReference; lastKnownFileType = sourcecode.swift; path = Input.swift; sourceTree = "<group>"; };
		C1D83D282577CF06005B8662 /* String+Ext.swift */ = {isa = PBXFileReference; lastKnownFileType = sourcecode.swift; path = "String+Ext.swift"; sourceTree = "<group>"; };
/* End PBXFileReference section */

/* Begin PBXFrameworksBuildPhase section */
		C1173E462576358400D9DE15 /* Frameworks */ = {
			isa = PBXFrameworksBuildPhase;
			buildActionMask = 2147483647;
			files = (
			);
			runOnlyForDeploymentPostprocessing = 0;
		};
/* End PBXFrameworksBuildPhase section */

/* Begin PBXGroup section */
		C1173E402576358400D9DE15 = {
			isa = PBXGroup;
			children = (
				C1173E4B2576358400D9DE15 /* AdventOfCode2020 */,
				C1173E4A2576358400D9DE15 /* Products */,
			);
			sourceTree = "<group>";
		};
		C1173E4A2576358400D9DE15 /* Products */ = {
			isa = PBXGroup;
			children = (
				C1173E492576358400D9DE15 /* AdventOfCode2020 */,
			);
			name = Products;
			sourceTree = "<group>";
		};
		C1173E4B2576358400D9DE15 /* AdventOfCode2020 */ = {
			isa = PBXGroup;
			children = (
				C1173E4C2576358400D9DE15 /* main.swift */,
				C1D83D1E2577C545005B8662 /* Day.swift */,
				C1D83D212577C7AA005B8662 /* Input.swift */,
				C1D83D282577CF06005B8662 /* String+Ext.swift */,
				C1D83D182577C2F3005B8662 /* Day_1 */,
				C1288D8E2577D14F0066ECBD /* Day_2 */,
				C1C9E2412577D448000F4471 /* Day_3 */,
			);
			path = AdventOfCode2020;
			sourceTree = "<group>";
		};
		C1288D8E2577D14F0066ECBD /* Day_2 */ = {
			isa = PBXGroup;
			children = (
				C18E7A2225777D0300EAE557 /* Day_2.swift */,
				C1288D8F2577D1710066ECBD /* Day_2_Input */,
			);
			path = Day_2;
			sourceTree = "<group>";
		};
		C1C9E2412577D448000F4471 /* Day_3 */ = {
			isa = PBXGroup;
			children = (
				C1C9E2422577DE6A000F4471 /* Day_3.swift */,
				C1C9E2462577DF95000F4471 /* Day_3_Input */,
			);
			path = Day_3;
			sourceTree = "<group>";
		};
		C1D83D182577C2F3005B8662 /* Day_1 */ = {
			isa = PBXGroup;
			children = (
				C1173E542576359500D9DE15 /* Day_1.swift */,
				C1D83D1D2577C383005B8662 /* Day_1_Input */,
			);
			path = Day_1;
			sourceTree = "<group>";
		};
/* End PBXGroup section */

/* Begin PBXNativeTarget section */
		C1173E482576358400D9DE15 /* AdventOfCode2020 */ = {
			isa = PBXNativeTarget;
			buildConfigurationList = C1173E502576358400D9DE15 /* Build configuration list for PBXNativeTarget "AdventOfCode2020" */;
			buildPhases = (
				C1173E452576358400D9DE15 /* Sources */,
				C1173E462576358400D9DE15 /* Frameworks */,
				C1173E472576358400D9DE15 /* CopyFiles */,
			);
			buildRules = (
			);
			dependencies = (
			);
			name = AdventOfCode2020;
			productName = AdventOfCode2020;
			productReference = C1173E492576358400D9DE15 /* AdventOfCode2020 */;
			productType = "com.apple.product-type.tool";
		};
/* End PBXNativeTarget section */

/* Begin PBXProject section */
		C1173E412576358400D9DE15 /* Project object */ = {
			isa = PBXProject;
			attributes = {
				LastSwiftUpdateCheck = 1220;
				LastUpgradeCheck = 1220;
				TargetAttributes = {
					C1173E482576358400D9DE15 = {
						CreatedOnToolsVersion = 12.2;
					};
				};
			};
			buildConfigurationList = C1173E442576358400D9DE15 /* Build configuration list for PBXProject "AdventOfCode2020" */;
			compatibilityVersion = "Xcode 9.3";
			developmentRegion = en;
			hasScannedForEncodings = 0;
			knownRegions = (
				en,
				Base,
			);
			mainGroup = C1173E402576358400D9DE15;
			productRefGroup = C1173E4A2576358400D9DE15 /* Products */;
			projectDirPath = "";
			projectRoot = "";
			targets = (
				C1173E482576358400D9DE15 /* AdventOfCode2020 */,
			);
		};
/* End PBXProject section */

/* Begin PBXSourcesBuildPhase section */
		C1173E452576358400D9DE15 /* Sources */ = {
			isa = PBXSourcesBuildPhase;
			buildActionMask = 2147483647;
			files = (
				C1D83D292577CF06005B8662 /* String+Ext.swift in Sources */,
				C1D83D222577C7AA005B8662 /* Input.swift in Sources */,
				C1C9E2432577DE6A000F4471 /* Day_3.swift in Sources */,
				C1173E4D2576358400D9DE15 /* main.swift in Sources */,
				C18E7A2325777D0300EAE557 /* Day_2.swift in Sources */,
				C1D83D1F2577C545005B8662 /* Day.swift in Sources */,
				C1173E552576359500D9DE15 /* Day_1.swift in Sources */,
			);
			runOnlyForDeploymentPostprocessing = 0;
		};
/* End PBXSourcesBuildPhase section */

/* Begin XCBuildConfiguration section */
		C1173E4E2576358400D9DE15 /* Debug */ = {
			isa = XCBuildConfiguration;
			buildSettings = {
				ALWAYS_SEARCH_USER_PATHS = NO;
				CLANG_ANALYZER_NONNULL = YES;
				CLANG_ANALYZER_NUMBER_OBJECT_CONVERSION = YES_AGGRESSIVE;
				CLANG_CXX_LANGUAGE_STANDARD = "gnu++14";
				CLANG_CXX_LIBRARY = "libc++";
				CLANG_ENABLE_MODULES = YES;
				CLANG_ENABLE_OBJC_ARC = YES;
				CLANG_ENABLE_OBJC_WEAK = YES;
				CLANG_WARN_BLOCK_CAPTURE_AUTORELEASING = YES;
				CLANG_WARN_BOOL_CONVERSION = YES;
				CLANG_WARN_COMMA = YES;
				CLANG_WARN_CONSTANT_CONVERSION = YES;
				CLANG_WARN_DEPRECATED_OBJC_IMPLEMENTATIONS = YES;
				CLANG_WARN_DIRECT_OBJC_ISA_USAGE = YES_ERROR;
				CLANG_WARN_DOCUMENTATION_COMMENTS = YES;
				CLANG_WARN_EMPTY_BODY = YES;
				CLANG_WARN_ENUM_CONVERSION = YES;
				CLANG_WARN_INFINITE_RECURSION = YES;
				CLANG_WARN_INT_CONVERSION = YES;
				CLANG_WARN_NON_LITERAL_NULL_CONVERSION = YES;
				CLANG_WARN_OBJC_IMPLICIT_RETAIN_SELF = YES;
				CLANG_WARN_OBJC_LITERAL_CONVERSION = YES;
				CLANG_WARN_OBJC_ROOT_CLASS = YES_ERROR;
				CLANG_WARN_QUOTED_INCLUDE_IN_FRAMEWORK_HEADER = YES;
				CLANG_WARN_RANGE_LOOP_ANALYSIS = YES;
				CLANG_WARN_STRICT_PROTOTYPES = YES;
				CLANG_WARN_SUSPICIOUS_MOVE = YES;
				CLANG_WARN_UNGUARDED_AVAILABILITY = YES_AGGRESSIVE;
				CLANG_WARN_UNREACHABLE_CODE = YES;
				CLANG_WARN__DUPLICATE_METHOD_MATCH = YES;
				COPY_PHASE_STRIP = NO;
				DEBUG_INFORMATION_FORMAT = dwarf;
				ENABLE_STRICT_OBJC_MSGSEND = YES;
				ENABLE_TESTABILITY = YES;
				GCC_C_LANGUAGE_STANDARD = gnu11;
				GCC_DYNAMIC_NO_PIC = NO;
				GCC_NO_COMMON_BLOCKS = YES;
				GCC_OPTIMIZATION_LEVEL = 0;
				GCC_PREPROCESSOR_DEFINITIONS = (
					"DEBUG=1",
					"$(inherited)",
				);
				GCC_WARN_64_TO_32_BIT_CONVERSION = YES;
				GCC_WARN_ABOUT_RETURN_TYPE = YES_ERROR;
				GCC_WARN_UNDECLARED_SELECTOR = YES;
				GCC_WARN_UNINITIALIZED_AUTOS = YES_AGGRESSIVE;
				GCC_WARN_UNUSED_FUNCTION = YES;
				GCC_WARN_UNUSED_VARIABLE = YES;
				MACOSX_DEPLOYMENT_TARGET = 10.15;
				MTL_ENABLE_DEBUG_INFO = INCLUDE_SOURCE;
				MTL_FAST_MATH = YES;
				ONLY_ACTIVE_ARCH = YES;
				SDKROOT = macosx;
				SWIFT_ACTIVE_COMPILATION_CONDITIONS = DEBUG;
				SWIFT_OPTIMIZATION_LEVEL = "-Onone";
			};
			name = Debug;
		};
		C1173E4F2576358400D9DE15 /* Release */ = {
			isa = XCBuildConfiguration;
			buildSettings = {
				ALWAYS_SEARCH_USER_PATHS = NO;
				CLANG_ANALYZER_NONNULL = YES;
				CLANG_ANALYZER_NUMBER_OBJECT_CONVERSION = YES_AGGRESSIVE;
				CLANG_CXX_LANGUAGE_STANDARD = "gnu++14";
				CLANG_CXX_LIBRARY = "libc++";
				CLANG_ENABLE_MODULES = YES;
				CLANG_ENABLE_OBJC_ARC = YES;
				CLANG_ENABLE_OBJC_WEAK = YES;
				CLANG_WARN_BLOCK_CAPTURE_AUTORELEASING = YES;
				CLANG_WARN_BOOL_CONVERSION = YES;
				CLANG_WARN_COMMA = YES;
				CLANG_WARN_CONSTANT_CONVERSION = YES;
				CLANG_WARN_DEPRECATED_OBJC_IMPLEMENTATIONS = YES;
				CLANG_WARN_DIRECT_OBJC_ISA_USAGE = YES_ERROR;
				CLANG_WARN_DOCUMENTATION_COMMENTS = YES;
				CLANG_WARN_EMPTY_BODY = YES;
				CLANG_WARN_ENUM_CONVERSION = YES;
				CLANG_WARN_INFINITE_RECURSION = YES;
				CLANG_WARN_INT_CONVERSION = YES;
				CLANG_WARN_NON_LITERAL_NULL_CONVERSION = YES;
				CLANG_WARN_OBJC_IMPLICIT_RETAIN_SELF = YES;
				CLANG_WARN_OBJC_LITERAL_CONVERSION = YES;
				CLANG_WARN_OBJC_ROOT_CLASS = YES_ERROR;
				CLANG_WARN_QUOTED_INCLUDE_IN_FRAMEWORK_HEADER = YES;
				CLANG_WARN_RANGE_LOOP_ANALYSIS = YES;
				CLANG_WARN_STRICT_PROTOTYPES = YES;
				CLANG_WARN_SUSPICIOUS_MOVE = YES;
				CLANG_WARN_UNGUARDED_AVAILABILITY = YES_AGGRESSIVE;
				CLANG_WARN_UNREACHABLE_CODE = YES;
				CLANG_WARN__DUPLICATE_METHOD_MATCH = YES;
				COPY_PHASE_STRIP = NO;
				DEBUG_INFORMATION_FORMAT = "dwarf-with-dsym";
				ENABLE_NS_ASSERTIONS = NO;
				ENABLE_STRICT_OBJC_MSGSEND = YES;
				GCC_C_LANGUAGE_STANDARD = gnu11;
				GCC_NO_COMMON_BLOCKS = YES;
				GCC_WARN_64_TO_32_BIT_CONVERSION = YES;
				GCC_WARN_ABOUT_RETURN_TYPE = YES_ERROR;
				GCC_WARN_UNDECLARED_SELECTOR = YES;
				GCC_WARN_UNINITIALIZED_AUTOS = YES_AGGRESSIVE;
				GCC_WARN_UNUSED_FUNCTION = YES;
				GCC_WARN_UNUSED_VARIABLE = YES;
				MACOSX_DEPLOYMENT_TARGET = 10.15;
				MTL_ENABLE_DEBUG_INFO = NO;
				MTL_FAST_MATH = YES;
				SDKROOT = macosx;
				SWIFT_COMPILATION_MODE = wholemodule;
				SWIFT_OPTIMIZATION_LEVEL = "-O";
			};
			name = Release;
		};
		C1173E512576358400D9DE15 /* Debug */ = {
			isa = XCBuildConfiguration;
			buildSettings = {
				CODE_SIGN_STYLE = Automatic;
				DEVELOPMENT_TEAM = G6KRFZPVQM;
				ENABLE_HARDENED_RUNTIME = YES;
				PRODUCT_NAME = "$(TARGET_NAME)";
				SWIFT_VERSION = 5.0;
			};
			name = Debug;
		};
		C1173E522576358400D9DE15 /* Release */ = {
			isa = XCBuildConfiguration;
			buildSettings = {
				CODE_SIGN_STYLE = Automatic;
				DEVELOPMENT_TEAM = G6KRFZPVQM;
				ENABLE_HARDENED_RUNTIME = YES;
				PRODUCT_NAME = "$(TARGET_NAME)";
				SWIFT_VERSION = 5.0;
			};
			name = Release;
		};
/* End XCBuildConfiguration section */

/* Begin XCConfigurationList section */
		C1173E442576358400D9DE15 /* Build configuration list for PBXProject "AdventOfCode2020" */ = {
			isa = XCConfigurationList;
			buildConfigurations = (
				C1173E4E2576358400D9DE15 /* Debug */,
				C1173E4F2576358400D9DE15 /* Release */,
			);
			defaultConfigurationIsVisible = 0;
			defaultConfigurationName = Release;
		};
		C1173E502576358400D9DE15 /* Build configuration list for PBXNativeTarget "AdventOfCode2020" */ = {
			isa = XCConfigurationList;
			buildConfigurations = (
				C1173E512576358400D9DE15 /* Debug */,
				C1173E522576358400D9DE15 /* Release */,
			);
			defaultConfigurationIsVisible = 0;
			defaultConfigurationName = Release;
		};
/* End XCConfigurationList section */
	};
	rootObject = C1173E412576358400D9DE15 /* Project object */;
}
